
Microsoft Visual Studio Solution File, Format Version 12.00
# Visual Studio Version 17
VisualStudioVersion = 17.5.33414.496
MinimumVisualStudioVersion = 10.0.40219.1
Project("{FAE04EC0-301F-11D3-BF4B-00C04F79EFBC}") = "BookDatabase", "BookDatabase.csproj", "{78310D7A-0832-4450-AF70-ADADF0A0D147}"
EndProject
Global
	GlobalSection(SolutionConfigurationPlatforms) = preSolution
		Debug|Any CPU = Debug|Any CPU
		Release|Any CPU = Release|Any CPU
	EndGlobalSection
	GlobalSection(ProjectConfigurationPlatforms) = postSolution
		{78310D7A-0832-4450-AF70-ADADF0A0D147}.Debug|Any CPU.ActiveCfg = Debug|Any CPU
		{78310D7A-0832-4450-AF70-ADADF0A0D147}.Debug|Any CPU.Build.0 = Debug|Any CPU
		{78310D7A-0832-4450-AF70-ADADF0A0D147}.Release|Any CPU.ActiveCfg = Release|Any CPU
		{78310D7A-0832-4450-AF70-ADADF0A0D147}.Release|Any CPU.Build.0 = Release|Any CPU
	EndGlobalSection
	GlobalSection(SolutionProperties) = preSolution
		HideSolutionNode = FALSE
	EndGlobalSection
	GlobalSection(ExtensibilityGlobals) = postSolution
		SolutionGuid = {004B4924-3084-46CE-ADCE-5BDB2B44ECD1}
	EndGlobalSection
EndGlobal
